{
  "name": "V1",
  "lockfileVersion": 2,
  "requires": true,
  "packages": {
    "": {
      "dependencies": {
        "uuid.v4": "^1.0.0"
      }
    },
    "node_modules/uuid.v4": {
      "version": "1.0.0",
      "resolved": "https://registry.npmjs.org/uuid.v4/-/uuid.v4-1.0.0.tgz",
      "integrity": "sha512-bmWc/MP9QbG3cPTxB7hS2XhC+kO5/4CMx/XiyslG2rPh10q/PawLxGWrSQ9Q4EmMSjSx2XVjgs+30F1GfueP3g==",
      "engines": {
        "node": ">=6.1"
      }
    }
  },
  "dependencies": {
    "uuid.v4": {
      "version": "1.0.0",
      "resolved": "https://registry.npmjs.org/uuid.v4/-/uuid.v4-1.0.0.tgz",
      "integrity": "sha512-bmWc/MP9QbG3cPTxB7hS2XhC+kO5/4CMx/XiyslG2rPh10q/PawLxGWrSQ9Q4EmMSjSx2XVjgs+30F1GfueP3g=="
    }
  }
}
